
Microsoft Visual Studio Solution File, Format Version 12.00
# Visual Studio Version 17
VisualStudioVersion = 17.3.32819.101
MinimumVisualStudioVersion = 10.0.40219.1
Project("{FAE04EC0-301F-11D3-BF4B-00C04F79EFBC}") = "PenniesBeCounting", "PenniesBeCounting\PenniesBeCounting.csproj", "{CD3C889D-8D64-47F9-AB77-57B9F0993702}"
EndProject
Global
	GlobalSection(SolutionConfigurationPlatforms) = preSolution
		Debug|Any CPU = Debug|Any CPU
		Release|Any CPU = Release|Any CPU
	EndGlobalSection
	GlobalSection(ProjectConfigurationPlatforms) = postSolution
		{CD3C889D-8D64-47F9-AB77-57B9F0993702}.Debug|Any CPU.ActiveCfg = Debug|Any CPU
		{CD3C889D-8D64-47F9-AB77-57B9F0993702}.Debug|Any CPU.Build.0 = Debug|Any CPU
		{CD3C889D-8D64-47F9-AB77-57B9F0993702}.Release|Any CPU.ActiveCfg = Release|Any CPU
		{CD3C889D-8D64-47F9-AB77-57B9F0993702}.Release|Any CPU.Build.0 = Release|Any CPU
	EndGlobalSection
	GlobalSection(SolutionProperties) = preSolution
		HideSolutionNode = FALSE
	EndGlobalSection
	GlobalSection(ExtensibilityGlobals) = postSolution
		SolutionGuid = {6F2C8C50-73B4-44C7-98FB-3471629979ED}
	EndGlobalSection
EndGlobal
